// !$*UTF8*$!
{
	archiveVersion = 1;
	classes = {
	};
	objectVersion = 46;
	objects = {

/* Begin PBXBuildFile section */
		E40CEED318C8E99600B9B136 /* Foundation.framework in Frameworks */ = {isa = PBXBuildFile; fileRef = E40CEED218C8E99600B9B136 /* Foundation.framework */; };
		E40CEED518C8E99600B9B136 /* CoreGraphics.framework in Frameworks */ = {isa = PBXBuildFile; fileRef = E40CEED418C8E99600B9B136 /* CoreGraphics.framework */; };
		E40CEED718C8E99600B9B136 /* UIKit.framework in Frameworks */ = {isa = PBXBuildFile; fileRef = E40CEED618C8E99600B9B136 /* UIKit.framework */; };
		E40CEEDD18C8E99600B9B136 /* InfoPlist.strings in Resources */ = {isa = PBXBuildFile; fileRef = E40CEEDB18C8E99600B9B136 /* InfoPlist.strings */; };
		E40CEEDF18C8E99600B9B136 /* main.m in Sources */ = {isa = PBXBuildFile; fileRef = E40CEEDE18C8E99600B9B136 /* main.m */; };
		E40CEEE318C8E99600B9B136 /* SCVAppDelegate.m in Sources */ = {isa = PBXBuildFile; fileRef = E40CEEE218C8E99600B9B136 /* SCVAppDelegate.m */; };
		E40CEEE518C8E99600B9B136 /* Images.xcassets in Resources */ = {isa = PBXBuildFile; fileRef = E40CEEE418C8E99600B9B136 /* Images.xcassets */; };
		E40CEEEC18C8E99600B9B136 /* XCTest.framework in Frameworks */ = {isa = PBXBuildFile; fileRef = E40CEEEB18C8E99600B9B136 /* XCTest.framework */; };
		E40CEEED18C8E99600B9B136 /* Foundation.framework in Frameworks */ = {isa = PBXBuildFile; fileRef = E40CEED218C8E99600B9B136 /* Foundation.framework */; };
		E40CEEEE18C8E99600B9B136 /* UIKit.framework in Frameworks */ = {isa = PBXBuildFile; fileRef = E40CEED618C8E99600B9B136 /* UIKit.framework */; };
		E40CEEF618C8E99600B9B136 /* InfoPlist.strings in Resources */ = {isa = PBXBuildFile; fileRef = E40CEEF418C8E99600B9B136 /* InfoPlist.strings */; };
		E40CEEF818C8E99600B9B136 /* WidgetoriumTests.m in Sources */ = {isa = PBXBuildFile; fileRef = E40CEEF718C8E99600B9B136 /* WidgetoriumTests.m */; };
		E40CEF0518C8EAAD00B9B136 /* SCVLoadingScreen.m in Sources */ = {isa = PBXBuildFile; fileRef = E40CEF0418C8EAAD00B9B136 /* SCVLoadingScreen.m */; };
		E40CEF0F18C901E800B9B136 /* SCVDemoTableViewController.m in Sources */ = {isa = PBXBuildFile; fileRef = E40CEF0D18C901E800B9B136 /* SCVDemoTableViewController.m */; };
		E40CEF1018C901E800B9B136 /* SCVDemoTableViewController.xib in Resources */ = {isa = PBXBuildFile; fileRef = E40CEF0E18C901E800B9B136 /* SCVDemoTableViewController.xib */; };
		E40CEF1418C9055B00B9B136 /* SCVLoadingViewController.m in Sources */ = {isa = PBXBuildFile; fileRef = E40CEF1218C9055B00B9B136 /* SCVLoadingViewController.m */; };
		E40CEF1518C9055B00B9B136 /* SCVLoadingViewController.xib in Resources */ = {isa = PBXBuildFile; fileRef = E40CEF1318C9055B00B9B136 /* SCVLoadingViewController.xib */; };
/* End PBXBuildFile section */

/* Begin PBXContainerItemProxy section */
		E40CEEEF18C8E99600B9B136 /* PBXContainerItemProxy */ = {
			isa = PBXContainerItemProxy;
			containerPortal = E40CEEC718C8E99600B9B136 /* Project object */;
			proxyType = 1;
			remoteGlobalIDString = E40CEECE18C8E99600B9B136;
			remoteInfo = Widgetorium;
		};
/* End PBXContainerItemProxy section */

/* Begin PBXFileReference section */
		E40CEECF18C8E99600B9B136 /* Widgetorium.app */ = {isa = PBXFileReference; explicitFileType = wrapper.application; includeInIndex = 0; path = Widgetorium.app; sourceTree = BUILT_PRODUCTS_DIR; };
		E40CEED218C8E99600B9B136 /* Foundation.framework */ = {isa = PBXFileReference; lastKnownFileType = wrapper.framework; name = Foundation.framework; path = System/Library/Frameworks/Foundation.framework; sourceTree = SDKROOT; };
		E40CEED418C8E99600B9B136 /* CoreGraphics.framework */ = {isa = PBXFileReference; lastKnownFileType = wrapper.framework; name = CoreGraphics.framework; path = System/Library/Frameworks/CoreGraphics.framework; sourceTree = SDKROOT; };
		E40CEED618C8E99600B9B136 /* UIKit.framework */ = {isa = PBXFileReference; lastKnownFileType = wrapper.framework; name = UIKit.framework; path = System/Library/Frameworks/UIKit.framework; sourceTree = SDKROOT; };
		E40CEEDA18C8E99600B9B136 /* Widgetorium-Info.plist */ = {isa = PBXFileReference; lastKnownFileType = text.plist.xml; path = "Widgetorium-Info.plist"; sourceTree = "<group>"; };
		E40CEEDC18C8E99600B9B136 /* en */ = {isa = PBXFileReference; lastKnownFileType = text.plist.strings; name = en; path = en.lproj/InfoPlist.strings; sourceTree = "<group>"; };
		E40CEEDE18C8E99600B9B136 /* main.m */ = {isa = PBXFileReference; lastKnownFileType = sourcecode.c.objc; path = main.m; sourceTree = "<group>"; };
		E40CEEE018C8E99600B9B136 /* Widgetorium-Prefix.pch */ = {isa = PBXFileReference; lastKnownFileType = sourcecode.c.h; path = "Widgetorium-Prefix.pch"; sourceTree = "<group>"; };
		E40CEEE118C8E99600B9B136 /* SCVAppDelegate.h */ = {isa = PBXFileReference; lastKnownFileType = sourcecode.c.h; path = SCVAppDelegate.h; sourceTree = "<group>"; };
		E40CEEE218C8E99600B9B136 /* SCVAppDelegate.m */ = {isa = PBXFileReference; lastKnownFileType = sourcecode.c.objc; path = SCVAppDelegate.m; sourceTree = "<group>"; };
		E40CEEE418C8E99600B9B136 /* Images.xcassets */ = {isa = PBXFileReference; lastKnownFileType = folder.assetcatalog; path = Images.xcassets; sourceTree = "<group>"; };
		E40CEEEA18C8E99600B9B136 /* WidgetoriumTests.xctest */ = {isa = PBXFileReference; explicitFileType = wrapper.cfbundle; includeInIndex = 0; path = WidgetoriumTests.xctest; sourceTree = BUILT_PRODUCTS_DIR; };
		E40CEEEB18C8E99600B9B136 /* XCTest.framework */ = {isa = PBXFileReference; lastKnownFileType = wrapper.framework; name = XCTest.framework; path = Library/Frameworks/XCTest.framework; sourceTree = DEVELOPER_DIR; };
		E40CEEF318C8E99600B9B136 /* WidgetoriumTests-Info.plist */ = {isa = PBXFileReference; lastKnownFileType = text.plist.xml; path = "WidgetoriumTests-Info.plist"; sourceTree = "<group>"; };
		E40CEEF518C8E99600B9B136 /* en */ = {isa = PBXFileReference; lastKnownFileType = text.plist.strings; name = en; path = en.lproj/InfoPlist.strings; sourceTree = "<group>"; };
		E40CEEF718C8E99600B9B136 /* WidgetoriumTests.m */ = {isa = PBXFileReference; lastKnownFileType = sourcecode.c.objc; path = WidgetoriumTests.m; sourceTree = "<group>"; };
		E40CEF0318C8EAAD00B9B136 /* SCVLoadingScreen.h */ = {isa = PBXFileReference; fileEncoding = 4; lastKnownFileType = sourcecode.c.h; path = SCVLoadingScreen.h; sourceTree = "<group>"; };
		E40CEF0418C8EAAD00B9B136 /* SCVLoadingScreen.m */ = {isa = PBXFileReference; fileEncoding = 4; lastKnownFileType = sourcecode.c.objc; path = SCVLoadingScreen.m; sourceTree = "<group>"; };
		E40CEF0C18C901E800B9B136 /* SCVDemoTableViewController.h */ = {isa = PBXFileReference; fileEncoding = 4; lastKnownFileType = sourcecode.c.h; path = SCVDemoTableViewController.h; sourceTree = "<group>"; };
		E40CEF0D18C901E800B9B136 /* SCVDemoTableViewController.m */ = {isa = PBXFileReference; fileEncoding = 4; lastKnownFileType = sourcecode.c.objc; path = SCVDemoTableViewController.m; sourceTree = "<group>"; };
		E40CEF0E18C901E800B9B136 /* SCVDemoTableViewController.xib */ = {isa = PBXFileReference; fileEncoding = 4; lastKnownFileType = file.xib; path = SCVDemoTableViewController.xib; sourceTree = "<group>"; };
		E40CEF1118C9055B00B9B136 /* SCVLoadingViewController.h */ = {isa = PBXFileReference; fileEncoding = 4; lastKnownFileType = sourcecode.c.h; path = SCVLoadingViewController.h; sourceTree = "<group>"; };
		E40CEF1218C9055B00B9B136 /* SCVLoadingViewController.m */ = {isa = PBXFileReference; fileEncoding = 4; lastKnownFileType = sourcecode.c.objc; path = SCVLoadingViewController.m; sourceTree = "<group>"; };
		E40CEF1318C9055B00B9B136 /* SCVLoadingViewController.xib */ = {isa = PBXFileReference; fileEncoding = 4; lastKnownFileType = file.xib; path = SCVLoadingViewController.xib; sourceTree = "<group>"; };
/* End PBXFileReference section */

/* Begin PBXFrameworksBuildPhase section */
		E40CEECC18C8E99600B9B136 /* Frameworks */ = {
			isa = PBXFrameworksBuildPhase;
			buildActionMask = 2147483647;
			files = (
				E40CEED518C8E99600B9B136 /* CoreGraphics.framework in Frameworks */,
				E40CEED718C8E99600B9B136 /* UIKit.framework in Frameworks */,
				E40CEED318C8E99600B9B136 /* Foundation.framework in Frameworks */,
			);
			runOnlyForDeploymentPostprocessing = 0;
		};
		E40CEEE718C8E99600B9B136 /* Frameworks */ = {
			isa = PBXFrameworksBuildPhase;
			buildActionMask = 2147483647;
			files = (
				E40CEEEC18C8E99600B9B136 /* XCTest.framework in Frameworks */,
				E40CEEEE18C8E99600B9B136 /* UIKit.framework in Frameworks */,
				E40CEEED18C8E99600B9B136 /* Foundation.framework in Frameworks */,
			);
			runOnlyForDeploymentPostprocessing = 0;
		};
/* End PBXFrameworksBuildPhase section */

/* Begin PBXGroup section */
		E40CEEC618C8E99600B9B136 = {
			isa = PBXGroup;
			children = (
				E40CEF0218C8EA7E00B9B136 /* Resources */,
				E40CEF0118C8EA5B00B9B136 /* Classes */,
				E40CEED818C8E99600B9B136 /* Widgetorium */,
				E40CEEF118C8E99600B9B136 /* WidgetoriumTests */,
				E40CEED118C8E99600B9B136 /* Frameworks */,
				E40CEED018C8E99600B9B136 /* Products */,
			);
			sourceTree = "<group>";
		};
		E40CEED018C8E99600B9B136 /* Products */ = {
			isa = PBXGroup;
			children = (
				E40CEECF18C8E99600B9B136 /* Widgetorium.app */,
				E40CEEEA18C8E99600B9B136 /* WidgetoriumTests.xctest */,
			);
			name = Products;
			sourceTree = "<group>";
		};
		E40CEED118C8E99600B9B136 /* Frameworks */ = {
			isa = PBXGroup;
			children = (
				E40CEED218C8E99600B9B136 /* Foundation.framework */,
				E40CEED418C8E99600B9B136 /* CoreGraphics.framework */,
				E40CEED618C8E99600B9B136 /* UIKit.framework */,
				E40CEEEB18C8E99600B9B136 /* XCTest.framework */,
			);
			name = Frameworks;
			sourceTree = "<group>";
		};
		E40CEED818C8E99600B9B136 /* Widgetorium */ = {
			isa = PBXGroup;
			children = (
				E40CEF0B18C901C800B9B136 /* Demo */,
				E40CEEE118C8E99600B9B136 /* SCVAppDelegate.h */,
				E40CEEE218C8E99600B9B136 /* SCVAppDelegate.m */,
				E40CEEE418C8E99600B9B136 /* Images.xcassets */,
				E40CEED918C8E99600B9B136 /* Supporting Files */,
			);
			path = Widgetorium;
			sourceTree = "<group>";
		};
		E40CEED918C8E99600B9B136 /* Supporting Files */ = {
			isa = PBXGroup;
			children = (
				E40CEEDA18C8E99600B9B136 /* Widgetorium-Info.plist */,
				E40CEEDB18C8E99600B9B136 /* InfoPlist.strings */,
				E40CEEDE18C8E99600B9B136 /* main.m */,
				E40CEEE018C8E99600B9B136 /* Widgetorium-Prefix.pch */,
			);
			name = "Supporting Files";
			sourceTree = "<group>";
		};
		E40CEEF118C8E99600B9B136 /* WidgetoriumTests */ = {
			isa = PBXGroup;
			children = (
				E40CEEF718C8E99600B9B136 /* WidgetoriumTests.m */,
				E40CEEF218C8E99600B9B136 /* Supporting Files */,
			);
			path = WidgetoriumTests;
			sourceTree = "<group>";
		};
		E40CEEF218C8E99600B9B136 /* Supporting Files */ = {
			isa = PBXGroup;
			children = (
				E40CEEF318C8E99600B9B136 /* WidgetoriumTests-Info.plist */,
				E40CEEF418C8E99600B9B136 /* InfoPlist.strings */,
			);
			name = "Supporting Files";
			sourceTree = "<group>";
		};
		E40CEF0118C8EA5B00B9B136 /* Classes */ = {
			isa = PBXGroup;
			children = (
				E40CEF0318C8EAAD00B9B136 /* SCVLoadingScreen.h */,
				E40CEF0418C8EAAD00B9B136 /* SCVLoadingScreen.m */,
			);
			name = Classes;
			path = Classes/ios;
			sourceTree = "<group>";
		};
		E40CEF0218C8EA7E00B9B136 /* Resources */ = {
			isa = PBXGroup;
			children = (
			);
			path = Resources;
			sourceTree = "<group>";
		};
		E40CEF0B18C901C800B9B136 /* Demo */ = {
			isa = PBXGroup;
			children = (
				E40CEF0C18C901E800B9B136 /* SCVDemoTableViewController.h */,
				E40CEF0D18C901E800B9B136 /* SCVDemoTableViewController.m */,
				E40CEF0E18C901E800B9B136 /* SCVDemoTableViewController.xib */,
				E40CEF1118C9055B00B9B136 /* SCVLoadingViewController.h */,
				E40CEF1218C9055B00B9B136 /* SCVLoadingViewController.m */,
				E40CEF1318C9055B00B9B136 /* SCVLoadingViewController.xib */,
			);
			path = Demo;
			sourceTree = "<group>";
		};
/* End PBXGroup section */

/* Begin PBXNativeTarget section */
		E40CEECE18C8E99600B9B136 /* Widgetorium */ = {
			isa = PBXNativeTarget;
			buildConfigurationList = E40CEEFB18C8E99600B9B136 /* Build configuration list for PBXNativeTarget "Widgetorium" */;
			buildPhases = (
				E40CEECB18C8E99600B9B136 /* Sources */,
				E40CEECC18C8E99600B9B136 /* Frameworks */,
				E40CEECD18C8E99600B9B136 /* Resources */,
			);
			buildRules = (
			);
			dependencies = (
			);
			name = Widgetorium;
			productName = Widgetorium;
			productReference = E40CEECF18C8E99600B9B136 /* Widgetorium.app */;
			productType = "com.apple.product-type.application";
		};
		E40CEEE918C8E99600B9B136 /* WidgetoriumTests */ = {
			isa = PBXNativeTarget;
			buildConfigurationList = E40CEEFE18C8E99600B9B136 /* Build configuration list for PBXNativeTarget "WidgetoriumTests" */;
			buildPhases = (
				E40CEEE618C8E99600B9B136 /* Sources */,
				E40CEEE718C8E99600B9B136 /* Frameworks */,
				E40CEEE818C8E99600B9B136 /* Resources */,
			);
			buildRules = (
			);
			dependencies = (
				E40CEEF018C8E99600B9B136 /* PBXTargetDependency */,
			);
			name = WidgetoriumTests;
			productName = WidgetoriumTests;
			productReference = E40CEEEA18C8E99600B9B136 /* WidgetoriumTests.xctest */;
			productType = "com.apple.product-type.bundle.unit-test";
		};
/* End PBXNativeTarget section */

/* Begin PBXProject section */
		E40CEEC718C8E99600B9B136 /* Project object */ = {
			isa = PBXProject;
			attributes = {
				CLASSPREFIX = SCV;
				LastUpgradeCheck = 0500;
				ORGANIZATIONNAME = SCVSoft;
				TargetAttributes = {
					E40CEEE918C8E99600B9B136 = {
						TestTargetID = E40CEECE18C8E99600B9B136;
					};
				};
			};
			buildConfigurationList = E40CEECA18C8E99600B9B136 /* Build configuration list for PBXProject "Widgetorium" */;
			compatibilityVersion = "Xcode 3.2";
			developmentRegion = English;
			hasScannedForEncodings = 0;
			knownRegions = (
				en,
			);
			mainGroup = E40CEEC618C8E99600B9B136;
			productRefGroup = E40CEED018C8E99600B9B136 /* Products */;
			projectDirPath = "";
			projectRoot = "";
			targets = (
				E40CEECE18C8E99600B9B136 /* Widgetorium */,
				E40CEEE918C8E99600B9B136 /* WidgetoriumTests */,
			);
		};
/* End PBXProject section */

/* Begin PBXResourcesBuildPhase section */
		E40CEECD18C8E99600B9B136 /* Resources */ = {
			isa = PBXResourcesBuildPhase;
			buildActionMask = 2147483647;
			files = (
				E40CEF1018C901E800B9B136 /* SCVDemoTableViewController.xib in Resources */,
				E40CEEDD18C8E99600B9B136 /* InfoPlist.strings in Resources */,
				E40CEF1518C9055B00B9B136 /* SCVLoadingViewController.xib in Resources */,
				E40CEEE518C8E99600B9B136 /* Images.xcassets in Resources */,
			);
			runOnlyForDeploymentPostprocessing = 0;
		};
		E40CEEE818C8E99600B9B136 /* Resources */ = {
			isa = PBXResourcesBuildPhase;
			buildActionMask = 2147483647;
			files = (
				E40CEEF618C8E99600B9B136 /* InfoPlist.strings in Resources */,
			);
			runOnlyForDeploymentPostprocessing = 0;
		};
/* End PBXResourcesBuildPhase section */

/* Begin PBXSourcesBuildPhase section */
		E40CEECB18C8E99600B9B136 /* Sources */ = {
			isa = PBXSourcesBuildPhase;
			buildActionMask = 2147483647;
			files = (
				E40CEF0518C8EAAD00B9B136 /* SCVLoadingScreen.m in Sources */,
				E40CEEDF18C8E99600B9B136 /* main.m in Sources */,
				E40CEEE318C8E99600B9B136 /* SCVAppDelegate.m in Sources */,
				E40CEF0F18C901E800B9B136 /* SCVDemoTableViewController.m in Sources */,
				E40CEF1418C9055B00B9B136 /* SCVLoadingViewController.m in Sources */,
			);
			runOnlyForDeploymentPostprocessing = 0;
		};
		E40CEEE618C8E99600B9B136 /* Sources */ = {
			isa = PBXSourcesBuildPhase;
			buildActionMask = 2147483647;
			files = (
				E40CEEF818C8E99600B9B136 /* WidgetoriumTests.m in Sources */,
			);
			runOnlyForDeploymentPostprocessing = 0;
		};
/* End PBXSourcesBuildPhase section */

/* Begin PBXTargetDependency section */
		E40CEEF018C8E99600B9B136 /* PBXTargetDependency */ = {
			isa = PBXTargetDependency;
			target = E40CEECE18C8E99600B9B136 /* Widgetorium */;
			targetProxy = E40CEEEF18C8E99600B9B136 /* PBXContainerItemProxy */;
		};
/* End PBXTargetDependency section */

/* Begin PBXVariantGroup section */
		E40CEEDB18C8E99600B9B136 /* InfoPlist.strings */ = {
			isa = PBXVariantGroup;
			children = (
				E40CEEDC18C8E99600B9B136 /* en */,
			);
			name = InfoPlist.strings;
			sourceTree = "<group>";
		};
		E40CEEF418C8E99600B9B136 /* InfoPlist.strings */ = {
			isa = PBXVariantGroup;
			children = (
				E40CEEF518C8E99600B9B136 /* en */,
			);
			name = InfoPlist.strings;
			sourceTree = "<group>";
		};
/* End PBXVariantGroup section */

/* Begin XCBuildConfiguration section */
		E40CEEF918C8E99600B9B136 /* Debug */ = {
			isa = XCBuildConfiguration;
			buildSettings = {
				ALWAYS_SEARCH_USER_PATHS = NO;
				ARCHS = "$(ARCHS_STANDARD_INCLUDING_64_BIT)";
				CLANG_CXX_LANGUAGE_STANDARD = "gnu++0x";
				CLANG_CXX_LIBRARY = "libc++";
				CLANG_ENABLE_MODULES = YES;
				CLANG_ENABLE_OBJC_ARC = YES;
				CLANG_WARN_BOOL_CONVERSION = YES;
				CLANG_WARN_CONSTANT_CONVERSION = YES;
				CLANG_WARN_DIRECT_OBJC_ISA_USAGE = YES_ERROR;
				CLANG_WARN_EMPTY_BODY = YES;
				CLANG_WARN_ENUM_CONVERSION = YES;
				CLANG_WARN_INT_CONVERSION = YES;
				CLANG_WARN_OBJC_ROOT_CLASS = YES_ERROR;
				CLANG_WARN__DUPLICATE_METHOD_MATCH = YES;
				"CODE_SIGN_IDENTITY[sdk=iphoneos*]" = "iPhone Developer";
				COPY_PHASE_STRIP = NO;
				GCC_C_LANGUAGE_STANDARD = gnu99;
				GCC_DYNAMIC_NO_PIC = NO;
				GCC_OPTIMIZATION_LEVEL = 0;
				GCC_PREPROCESSOR_DEFINITIONS = (
					"DEBUG=1",
					"$(inherited)",
				);
				GCC_SYMBOLS_PRIVATE_EXTERN = NO;
				GCC_WARN_64_TO_32_BIT_CONVERSION = YES;
				GCC_WARN_ABOUT_RETURN_TYPE = YES_ERROR;
				GCC_WARN_UNDECLARED_SELECTOR = YES;
				GCC_WARN_UNINITIALIZED_AUTOS = YES;
				GCC_WARN_UNUSED_FUNCTION = YES;
				GCC_WARN_UNUSED_VARIABLE = YES;
				IPHONEOS_DEPLOYMENT_TARGET = 7.0;
				ONLY_ACTIVE_ARCH = YES;
				SDKROOT = iphoneos;
				TARGETED_DEVICE_FAMILY = "1,2";
			};
			name = Debug;
		};
		E40CEEFA18C8E99600B9B136 /* Release */ = {
			isa = XCBuildConfiguration;
			buildSettings = {
				ALWAYS_SEARCH_USER_PATHS = NO;
				ARCHS = "$(ARCHS_STANDARD_INCLUDING_64_BIT)";
				CLANG_CXX_LANGUAGE_STANDARD = "gnu++0x";
				CLANG_CXX_LIBRARY = "libc++";
				CLANG_ENABLE_MODULES = YES;
				CLANG_ENABLE_OBJC_ARC = YES;
				CLANG_WARN_BOOL_CONVERSION = YES;
				CLANG_WARN_CONSTANT_CONVERSION = YES;
				CLANG_WARN_DIRECT_OBJC_ISA_USAGE = YES_ERROR;
				CLANG_WARN_EMPTY_BODY = YES;
				CLANG_WARN_ENUM_CONVERSION = YES;
				CLANG_WARN_INT_CONVERSION = YES;
				CLANG_WARN_OBJC_ROOT_CLASS = YES_ERROR;
				CLANG_WARN__DUPLICATE_METHOD_MATCH = YES;
				"CODE_SIGN_IDENTITY[sdk=iphoneos*]" = "iPhone Developer";
				COPY_PHASE_STRIP = YES;
				ENABLE_NS_ASSERTIONS = NO;
				GCC_C_LANGUAGE_STANDARD = gnu99;
				GCC_WARN_64_TO_32_BIT_CONVERSION = YES;
				GCC_WARN_ABOUT_RETURN_TYPE = YES_ERROR;
				GCC_WARN_UNDECLARED_SELECTOR = YES;
				GCC_WARN_UNINITIALIZED_AUTOS = YES;
				GCC_WARN_UNUSED_FUNCTION = YES;
				GCC_WARN_UNUSED_VARIABLE = YES;
				IPHONEOS_DEPLOYMENT_TARGET = 7.0;
				SDKROOT = iphoneos;
				TARGETED_DEVICE_FAMILY = "1,2";
				VALIDATE_PRODUCT = YES;
			};
			name = Release;
		};
		E40CEEFC18C8E99600B9B136 /* Debug */ = {
			isa = XCBuildConfiguration;
			buildSettings = {
				ASSETCATALOG_COMPILER_APPICON_NAME = AppIcon;
				ASSETCATALOG_COMPILER_LAUNCHIMAGE_NAME = LaunchImage;
				GCC_PRECOMPILE_PREFIX_HEADER = YES;
				GCC_PREFIX_HEADER = "Widgetorium/Widgetorium-Prefix.pch";
				INFOPLIST_FILE = "Widgetorium/Widgetorium-Info.plist";
				PRODUCT_NAME = "$(TARGET_NAME)";
				WRAPPER_EXTENSION = app;
			};
			name = Debug;
		};
		E40CEEFD18C8E99600B9B136 /* Release */ = {
			isa = XCBuildConfiguration;
			buildSettings = {
				ASSETCATALOG_COMPILER_APPICON_NAME = AppIcon;
				ASSETCATALOG_COMPILER_LAUNCHIMAGE_NAME = LaunchImage;
				GCC_PRECOMPILE_PREFIX_HEADER = YES;
				GCC_PREFIX_HEADER = "Widgetorium/Widgetorium-Prefix.pch";
				INFOPLIST_FILE = "Widgetorium/Widgetorium-Info.plist";
				PRODUCT_NAME = "$(TARGET_NAME)";
				WRAPPER_EXTENSION = app;
			};
			name = Release;
		};
		E40CEEFF18C8E99600B9B136 /* Debug */ = {
			isa = XCBuildConfiguration;
			buildSettings = {
				ARCHS = "$(ARCHS_STANDARD_INCLUDING_64_BIT)";
				BUNDLE_LOADER = "$(BUILT_PRODUCTS_DIR)/Widgetorium.app/Widgetorium";
				FRAMEWORK_SEARCH_PATHS = (
					"$(SDKROOT)/Developer/Library/Frameworks",
					"$(inherited)",
					"$(DEVELOPER_FRAMEWORKS_DIR)",
				);
				GCC_PRECOMPILE_PREFIX_HEADER = YES;
				GCC_PREFIX_HEADER = "Widgetorium/Widgetorium-Prefix.pch";
				GCC_PREPROCESSOR_DEFINITIONS = (
					"DEBUG=1",
					"$(inherited)",
				);
				INFOPLIST_FILE = "WidgetoriumTests/WidgetoriumTests-Info.plist";
				PRODUCT_NAME = "$(TARGET_NAME)";
				TEST_HOST = "$(BUNDLE_LOADER)";
				WRAPPER_EXTENSION = xctest;
			};
			name = Debug;
		};
		E40CEF0018C8E99600B9B136 /* Release */ = {
			isa = XCBuildConfiguration;
			buildSettings = {
				ARCHS = "$(ARCHS_STANDARD_INCLUDING_64_BIT)";
				BUNDLE_LOADER = "$(BUILT_PRODUCTS_DIR)/Widgetorium.app/Widgetorium";
				FRAMEWORK_SEARCH_PATHS = (
					"$(SDKROOT)/Developer/Library/Frameworks",
					"$(inherited)",
					"$(DEVELOPER_FRAMEWORKS_DIR)",
				);
				GCC_PRECOMPILE_PREFIX_HEADER = YES;
				GCC_PREFIX_HEADER = "Widgetorium/Widgetorium-Prefix.pch";
				INFOPLIST_FILE = "WidgetoriumTests/WidgetoriumTests-Info.plist";
				PRODUCT_NAME = "$(TARGET_NAME)";
				TEST_HOST = "$(BUNDLE_LOADER)";
				WRAPPER_EXTENSION = xctest;
			};
			name = Release;
		};
/* End XCBuildConfiguration section */

/* Begin XCConfigurationList section */
		E40CEECA18C8E99600B9B136 /* Build configuration list for PBXProject "Widgetorium" */ = {
			isa = XCConfigurationList;
			buildConfigurations = (
				E40CEEF918C8E99600B9B136 /* Debug */,
				E40CEEFA18C8E99600B9B136 /* Release */,
			);
			defaultConfigurationIsVisible = 0;
			defaultConfigurationName = Release;
		};
		E40CEEFB18C8E99600B9B136 /* Build configuration list for PBXNativeTarget "Widgetorium" */ = {
			isa = XCConfigurationList;
			buildConfigurations = (
				E40CEEFC18C8E99600B9B136 /* Debug */,
				E40CEEFD18C8E99600B9B136 /* Release */,
			);
			defaultConfigurationIsVisible = 0;
			defaultConfigurationName = Release;
		};
		E40CEEFE18C8E99600B9B136 /* Build configuration list for PBXNativeTarget "WidgetoriumTests" */ = {
			isa = XCConfigurationList;
			buildConfigurations = (
				E40CEEFF18C8E99600B9B136 /* Debug */,
				E40CEF0018C8E99600B9B136 /* Release */,
			);
			defaultConfigurationIsVisible = 0;
			defaultConfigurationName = Release;
		};
/* End XCConfigurationList section */
	};
	rootObject = E40CEEC718C8E99600B9B136 /* Project object */;
}
